
Microsoft Visual Studio Solution File, Format Version 12.00
# Visual Studio Version 16
VisualStudioVersion = 16.0.30907.101
MinimumVisualStudioVersion = 10.0.40219.1
Project("{FAE04EC0-301F-11D3-BF4B-00C04F79EFBC}") = "Aplikacja okienkowa", "Aplikacja okienkowa\Aplikacja okienkowa.csproj", "{D0A0FF51-32AC-496B-B7A8-325A4986FAF6}"
EndProject
Global
	GlobalSection(SolutionConfigurationPlatforms) = preSolution
		Debug|Any CPU = Debug|Any CPU
		Release|Any CPU = Release|Any CPU
	EndGlobalSection
	GlobalSection(ProjectConfigurationPlatforms) = postSolution
		{D0A0FF51-32AC-496B-B7A8-325A4986FAF6}.Debug|Any CPU.ActiveCfg = Debug|Any CPU
		{D0A0FF51-32AC-496B-B7A8-325A4986FAF6}.Debug|Any CPU.Build.0 = Debug|Any CPU
		{D0A0FF51-32AC-496B-B7A8-325A4986FAF6}.Release|Any CPU.ActiveCfg = Release|Any CPU
		{D0A0FF51-32AC-496B-B7A8-325A4986FAF6}.Release|Any CPU.Build.0 = Release|Any CPU
	EndGlobalSection
	GlobalSection(SolutionProperties) = preSolution
		HideSolutionNode = FALSE
	EndGlobalSection
	GlobalSection(ExtensibilityGlobals) = postSolution
		SolutionGuid = {4DE58228-0096-430D-83D3-FE6B51493A55}
	EndGlobalSection
EndGlobal
